
Microsoft Visual Studio Solution File, Format Version 12.00
# Visual Studio Version 18
VisualStudioVersion = 18.5.11626.173 insiders
MinimumVisualStudioVersion = 10.0.40219.1
Project("{FAE04EC0-301F-11D3-BF4B-00C04F79EFBC}") = "FactorioMCP.Tests", "FactorioMCP.Tests\FactorioMCP.Tests.csproj", "{9C06990C-8E2F-F5DD-5B1C-DBFA30A7F32F}"
EndProject
Project("{FAE04EC0-301F-11D3-BF4B-00C04F79EFBC}") = "FactorioMCP", "FactorioMCP\FactorioMCP.csproj", "{B6CD62FC-3276-4536-A2D0-A2992567C060}"
EndProject
Global
	GlobalSection(SolutionConfigurationPlatforms) = preSolution
		Debug|Any CPU = Debug|Any CPU
		Release|Any CPU = Release|Any CPU
	EndGlobalSection
	GlobalSection(ProjectConfigurationPlatforms) = postSolution
		{9C06990C-8E2F-F5DD-5B1C-DBFA30A7F32F}.Debug|Any CPU.ActiveCfg = Debug|Any CPU
		{9C06990C-8E2F-F5DD-5B1C-DBFA30A7F32F}.Debug|Any CPU.Build.0 = Debug|Any CPU
		{9C06990C-8E2F-F5DD-5B1C-DBFA30A7F32F}.Release|Any CPU.ActiveCfg = Release|Any CPU
		{9C06990C-8E2F-F5DD-5B1C-DBFA30A7F32F}.Release|Any CPU.Build.0 = Release|Any CPU
		{B6CD62FC-3276-4536-A2D0-A2992567C060}.Debug|Any CPU.ActiveCfg = Debug|Any CPU
		{B6CD62FC-3276-4536-A2D0-A2992567C060}.Debug|Any CPU.Build.0 = Debug|Any CPU
		{B6CD62FC-3276-4536-A2D0-A2992567C060}.Release|Any CPU.ActiveCfg = Release|Any CPU
		{B6CD62FC-3276-4536-A2D0-A2992567C060}.Release|Any CPU.Build.0 = Release|Any CPU
	EndGlobalSection
	GlobalSection(SolutionProperties) = preSolution
		HideSolutionNode = FALSE
	EndGlobalSection
EndGlobal
